{
  "name": "content-tools",
  "lockfileVersion": 3,
  "requires": true,
  "packages": {
    "": {
      "name": "content-tools",
      "workspaces": [
        "modules/*",
        "modules/shared/*"
      ],
      "devDependencies": {
        "playwright": "^1.52.0"
      }
    },
    "modules/beat-montage": {
      "name": "@tools/beat-montage"
    },
    "modules/cat-drama-video": {
      "name": "@tools/cat-drama-video"
    },
    "modules/cffex-daily": {
      "name": "@tools/cffex-daily"
    },
    "modules/city-bilingual-video": {
      "name": "@tools/city-bilingual-video"
    },
    "modules/city-healing-video": {
      "name": "@tools/city-healing-video"
    },
    "modules/cognitive-video": {
      "name": "@tools/cognitive-video"
    },
    "modules/dance-remake": {
      "name": "@tools/dance-remake"
    },
    "modules/hot-topic-infographic": {
      "name": "@tools/hot-topic-infographic"
    },
    "modules/q-replace": {
      "name": "@tools/q-replace"
    },
    "modules/shared/douyin": {
      "name": "@tools/shared-douyin",
      "dependencies": {
        "playwright": "^1.52.0"
      }
    },
    "modules/shared/media": {
      "name": "@tools/shared-media"
    },
    "modules/three-kingdoms-english-video": {
      "name": "@tools/three-kingdoms-english-video"
    },
    "modules/video-factory": {
      "name": "@tools/video-factory"
    },
    "modules/viral-english-dub": {
      "name": "@tools/viral-english-dub"
    },
    "node_modules/@tools/beat-montage": {
      "resolved": "modules/beat-montage",
      "link": true
    },
    "node_modules/@tools/cat-drama-video": {
      "resolved": "modules/cat-drama-video",
      "link": true
    },
    "node_modules/@tools/cffex-daily": {
      "resolved": "modules/cffex-daily",
      "link": true
    },
    "node_modules/@tools/city-bilingual-video": {
      "resolved": "modules/city-bilingual-video",
      "link": true
    },
    "node_modules/@tools/city-healing-video": {
      "resolved": "modules/city-healing-video",
      "link": true
    },
    "node_modules/@tools/cognitive-video": {
      "resolved": "modules/cognitive-video",
      "link": true
    },
    "node_modules/@tools/dance-remake": {
      "resolved": "modules/dance-remake",
      "link": true
    },
    "node_modules/@tools/hot-topic-infographic": {
      "resolved": "modules/hot-topic-infographic",
      "link": true
    },
    "node_modules/@tools/q-replace": {
      "resolved": "modules/q-replace",
      "link": true
    },
    "node_modules/@tools/shared-douyin": {
      "resolved": "modules/shared/douyin",
      "link": true
    },
    "node_modules/@tools/shared-media": {
      "resolved": "modules/shared/media",
      "link": true
    },
    "node_modules/@tools/three-kingdoms-english-video": {
      "resolved": "modules/three-kingdoms-english-video",
      "link": true
    },
    "node_modules/@tools/video-factory": {
      "resolved": "modules/video-factory",
      "link": true
    },
    "node_modules/@tools/viral-english-dub": {
      "resolved": "modules/viral-english-dub",
      "link": true
    },
    "node_modules/playwright": {
      "version": "1.61.1",
      "resolved": "https://registry.npmjs.org/playwright/-/playwright-1.61.1.tgz",
      "integrity": "sha512-DWnY5o3YbLWK4GovuAVwpqL+1VwGNdUGrRr++8j8PtQQzvAVZUIMjKQ90fY689sEJZJBbZVw1rXaOKSTitkzPQ==",
      "dependencies": {
        "playwright-core": "1.61.1"
      },
      "bin": {
        "playwright": "cli.js"
      },
      "engines": {
        "node": ">=18"
      },
      "optionalDependencies": {
        "fsevents": "2.3.2"
      }
    },
    "node_modules/playwright-core": {
      "version": "1.61.1",
      "resolved": "https://registry.npmjs.org/playwright-core/-/playwright-core-1.61.1.tgz",
      "integrity": "sha512-h7Qlt6m4REp25qvIdvbDtVmD4LqVXfpRxhORv9L0jzETM05p4fuPJ3dKyuSXQxDSbXnmS79HAgi9589lGSpLkg==",
      "bin": {
        "playwright-core": "cli.js"
      },
      "engines": {
        "node": ">=18"
      }
    },
    "node_modules/playwright/node_modules/fsevents": {
      "version": "2.3.2",
      "resolved": "https://registry.npmjs.org/fsevents/-/fsevents-2.3.2.tgz",
      "integrity": "sha512-xiqMQR4xAeHTuB9uWm+fFRcIOgKBMiOBP+eXiyT7jsgVCq1bkVygt00oASowB7EdtpOHaaPgKt812P9ab+DDKA==",
      "hasInstallScript": true,
      "optional": true,
      "os": [
        "darwin"
      ],
      "engines": {
        "node": "^8.16.0 || ^10.6.0 || >=11.0.0"
      }
    }
  }
}
